
Microsoft Visual Studio Solution File, Format Version 12.00
# Visual Studio 15
VisualStudioVersion = 15.0.28307.645
MinimumVisualStudioVersion = 10.0.40219.1
Project("{FAE04EC0-301F-11D3-BF4B-00C04F79EFBC}") = "WebCoreBlack", "WebCoreBlack\WebCoreBlack.csproj", "{ACE05682-73B3-40D3-87D5-C5D04990EFFC}"
EndProject
Global
	GlobalSection(SolutionConfigurationPlatforms) = preSolution
		Debug|Any CPU = Debug|Any CPU
		Release|Any CPU = Release|Any CPU
	EndGlobalSection
	GlobalSection(ProjectConfigurationPlatforms) = postSolution
		{ACE05682-73B3-40D3-87D5-C5D04990EFFC}.Debug|Any CPU.ActiveCfg = Debug|Any CPU
		{ACE05682-73B3-40D3-87D5-C5D04990EFFC}.Debug|Any CPU.Build.0 = Debug|Any CPU
		{ACE05682-73B3-40D3-87D5-C5D04990EFFC}.Release|Any CPU.ActiveCfg = Release|Any CPU
		{ACE05682-73B3-40D3-87D5-C5D04990EFFC}.Release|Any CPU.Build.0 = Release|Any CPU
	EndGlobalSection
	GlobalSection(SolutionProperties) = preSolution
		HideSolutionNode = FALSE
	EndGlobalSection
	GlobalSection(ExtensibilityGlobals) = postSolution
		SolutionGuid = {C7E4C517-21E6-4442-9896-998227E3EF4B}
	EndGlobalSection
EndGlobal
