
Microsoft Visual Studio Solution File, Format Version 12.00
# Visual Studio Version 16
VisualStudioVersion = 16.0.30804.86
MinimumVisualStudioVersion = 10.0.40219.1
Project("{FAE04EC0-301F-11D3-BF4B-00C04F79EFBC}") = "DI-MVCUsingUnity", "DI-MVCUsingUnity.csproj", "{0F22909C-9FF9-48FA-94D6-5384449A1EB4}"
EndProject
Global
	GlobalSection(SolutionConfigurationPlatforms) = preSolution
		Debug|Any CPU = Debug|Any CPU
		Release|Any CPU = Release|Any CPU
	EndGlobalSection
	GlobalSection(ProjectConfigurationPlatforms) = postSolution
		{0F22909C-9FF9-48FA-94D6-5384449A1EB4}.Debug|Any CPU.ActiveCfg = Debug|Any CPU
		{0F22909C-9FF9-48FA-94D6-5384449A1EB4}.Debug|Any CPU.Build.0 = Debug|Any CPU
		{0F22909C-9FF9-48FA-94D6-5384449A1EB4}.Release|Any CPU.ActiveCfg = Release|Any CPU
		{0F22909C-9FF9-48FA-94D6-5384449A1EB4}.Release|Any CPU.Build.0 = Release|Any CPU
	EndGlobalSection
	GlobalSection(SolutionProperties) = preSolution
		HideSolutionNode = FALSE
	EndGlobalSection
	GlobalSection(ExtensibilityGlobals) = postSolution
		SolutionGuid = {E5E00C9D-2401-4B66-BDAB-280E1B658597}
	EndGlobalSection
EndGlobal
